
Microsoft Visual Studio Solution File, Format Version 12.00
# Visual Studio 15
VisualStudioVersion = 15.0.28307.572
MinimumVisualStudioVersion = 10.0.40219.1
Project("{FAE04EC0-301F-11D3-BF4B-00C04F79EFBC}") = "LivetApp1", "LivetApp1\LivetApp1.csproj", "{CDECDB6C-601B-4301-BDA1-F574C251F3CB}"
EndProject
Global
	GlobalSection(SolutionConfigurationPlatforms) = preSolution
		Debug|Any CPU = Debug|Any CPU
		Release|Any CPU = Release|Any CPU
	EndGlobalSection
	GlobalSection(ProjectConfigurationPlatforms) = postSolution
		{CDECDB6C-601B-4301-BDA1-F574C251F3CB}.Debug|Any CPU.ActiveCfg = Debug|Any CPU
		{CDECDB6C-601B-4301-BDA1-F574C251F3CB}.Debug|Any CPU.Build.0 = Debug|Any CPU
		{CDECDB6C-601B-4301-BDA1-F574C251F3CB}.Release|Any CPU.ActiveCfg = Release|Any CPU
		{CDECDB6C-601B-4301-BDA1-F574C251F3CB}.Release|Any CPU.Build.0 = Release|Any CPU
	EndGlobalSection
	GlobalSection(SolutionProperties) = preSolution
		HideSolutionNode = FALSE
	EndGlobalSection
	GlobalSection(ExtensibilityGlobals) = postSolution
		SolutionGuid = {5FFE8749-48EF-4B2F-B78A-665E59D33BCE}
	EndGlobalSection
EndGlobal
